
Microsoft Visual Studio Solution File, Format Version 12.00
# Visual Studio Version 17
VisualStudioVersion = 17.9.34714.143
MinimumVisualStudioVersion = 10.0.40219.1
Project("{FAE04EC0-301F-11D3-BF4B-00C04F79EFBC}") = "Project", "Project\Project.csproj", "{90554868-F9A0-406A-B278-AEA74B77400B}"
EndProject
Global
	GlobalSection(SolutionConfigurationPlatforms) = preSolution
		Debug|Any CPU = Debug|Any CPU
		Release|Any CPU = Release|Any CPU
	EndGlobalSection
	GlobalSection(ProjectConfigurationPlatforms) = postSolution
		{90554868-F9A0-406A-B278-AEA74B77400B}.Debug|Any CPU.ActiveCfg = Debug|Any CPU
		{90554868-F9A0-406A-B278-AEA74B77400B}.Debug|Any CPU.Build.0 = Debug|Any CPU
		{90554868-F9A0-406A-B278-AEA74B77400B}.Release|Any CPU.ActiveCfg = Release|Any CPU
		{90554868-F9A0-406A-B278-AEA74B77400B}.Release|Any CPU.Build.0 = Release|Any CPU
	EndGlobalSection
	GlobalSection(SolutionProperties) = preSolution
		HideSolutionNode = FALSE
	EndGlobalSection
	GlobalSection(ExtensibilityGlobals) = postSolution
		SolutionGuid = {E01A6265-DFFE-4D82-86CB-EECE53BC9C69}
	EndGlobalSection
EndGlobal
